
Microsoft Visual Studio Solution File, Format Version 12.00
# Visual Studio Version 16
VisualStudioVersion = 16.0.31729.503
MinimumVisualStudioVersion = 10.0.40219.1
Project("{FAE04EC0-301F-11D3-BF4B-00C04F79EFBC}") = "Parents Assistant - OOP project", "Parents Assistant - OOP project\Parents Assistant - OOP project.csproj", "{988C5CEA-7DF8-4585-A69E-8CA221308674}"
EndProject
Global
	GlobalSection(SolutionConfigurationPlatforms) = preSolution
		Debug|Any CPU = Debug|Any CPU
		Release|Any CPU = Release|Any CPU
	EndGlobalSection
	GlobalSection(ProjectConfigurationPlatforms) = postSolution
		{988C5CEA-7DF8-4585-A69E-8CA221308674}.Debug|Any CPU.ActiveCfg = Debug|Any CPU
		{988C5CEA-7DF8-4585-A69E-8CA221308674}.Debug|Any CPU.Build.0 = Debug|Any CPU
		{988C5CEA-7DF8-4585-A69E-8CA221308674}.Release|Any CPU.ActiveCfg = Release|Any CPU
		{988C5CEA-7DF8-4585-A69E-8CA221308674}.Release|Any CPU.Build.0 = Release|Any CPU
	EndGlobalSection
	GlobalSection(SolutionProperties) = preSolution
		HideSolutionNode = FALSE
	EndGlobalSection
	GlobalSection(ExtensibilityGlobals) = postSolution
		SolutionGuid = {88CFB0A2-A6CB-44D3-B5FA-CD7EAF9B93D4}
	EndGlobalSection
EndGlobal
