
Microsoft Visual Studio Solution File, Format Version 12.00
# Visual Studio Version 16
VisualStudioVersion = 16.0.31624.102
MinimumVisualStudioVersion = 10.0.40219.1
Project("{FAE04EC0-301F-11D3-BF4B-00C04F79EFBC}") = "Screentake", "Screentake.csproj", "{A5670C34-F9DE-4B2B-87FE-0F884B1F167C}"
EndProject
Global
	GlobalSection(SolutionConfigurationPlatforms) = preSolution
		Debug|Any CPU = Debug|Any CPU
		Release|Any CPU = Release|Any CPU
	EndGlobalSection
	GlobalSection(ProjectConfigurationPlatforms) = postSolution
		{A5670C34-F9DE-4B2B-87FE-0F884B1F167C}.Debug|Any CPU.ActiveCfg = Debug|Any CPU
		{A5670C34-F9DE-4B2B-87FE-0F884B1F167C}.Debug|Any CPU.Build.0 = Debug|Any CPU
		{A5670C34-F9DE-4B2B-87FE-0F884B1F167C}.Release|Any CPU.ActiveCfg = Release|Any CPU
		{A5670C34-F9DE-4B2B-87FE-0F884B1F167C}.Release|Any CPU.Build.0 = Release|Any CPU
	EndGlobalSection
	GlobalSection(SolutionProperties) = preSolution
		HideSolutionNode = FALSE
	EndGlobalSection
	GlobalSection(ExtensibilityGlobals) = postSolution
		SolutionGuid = {AD48D290-1C2A-458F-8E38-7F192CB4FECB}
	EndGlobalSection
EndGlobal
